// !$*UTF8*$!
{
	archiveVersion = 1;
	classes = {
	};
	objectVersion = 46;
	objects = {

/* Begin PBXBuildFile section */
		2E7B8A9A1C93D08600EC070B /* AppDelegate.swift in Sources */ = {isa = PBXBuildFile; fileRef = 2E7B8A991C93D08600EC070B /* AppDelegate.swift */; };
		2E7B8A9C1C93D08600EC070B /* ViewController.swift in Sources */ = {isa = PBXBuildFile; fileRef = 2E7B8A9B1C93D08600EC070B /* ViewController.swift */; };
		2E7B8A9F1C93D08600EC070B /* Main.storyboard in Resources */ = {isa = PBXBuildFile; fileRef = 2E7B8A9D1C93D08600EC070B /* Main.storyboard */; };
		2E7B8AA11C93D08600EC070B /* Assets.xcassets in Resources */ = {isa = PBXBuildFile; fileRef = 2E7B8AA01C93D08600EC070B /* Assets.xcassets */; };
		2E7B8AA41C93D08600EC070B /* LaunchScreen.storyboard in Resources */ = {isa = PBXBuildFile; fileRef = 2E7B8AA21C93D08600EC070B /* LaunchScreen.storyboard */; };
		2E7B8AAF1C93D08600EC070B /* Test_ProjectTests.swift in Sources */ = {isa = PBXBuildFile; fileRef = 2E7B8AAE1C93D08600EC070B /* Test_ProjectTests.swift */; };
		2E7B8ABA1C93D08600EC070B /* Test_ProjectUITests.swift in Sources */ = {isa = PBXBuildFile; fileRef = 2E7B8AB91C93D08600EC070B /* Test_ProjectUITests.swift */; };
/* End PBXBuildFile section */

/* Begin PBXContainerItemProxy section */
		2E7B8AAB1C93D08600EC070B /* PBXContainerItemProxy */ = {
			isa = PBXContainerItemProxy;
			containerPortal = 2E7B8A8E1C93D08500EC070B /* Project object */;
			proxyType = 1;
			remoteGlobalIDString = 2E7B8A951C93D08600EC070B;
			remoteInfo = "Test Project";
		};
		2E7B8AB61C93D08600EC070B /* PBXContainerItemProxy */ = {
			isa = PBXContainerItemProxy;
			containerPortal = 2E7B8A8E1C93D08500EC070B /* Project object */;
			proxyType = 1;
			remoteGlobalIDString = 2E7B8A951C93D08600EC070B;
			remoteInfo = "Test Project";
		};
/* End PBXContainerItemProxy section */

/* Begin PBXFileReference section */
		2E7B8A961C93D08600EC070B /* Test Project.app */ = {isa = PBXFileReference; explicitFileType = wrapper.application; includeInIndex = 0; path = "Test Project.app"; sourceTree = BUILT_PRODUCTS_DIR; };
		2E7B8A991C93D08600EC070B /* AppDelegate.swift */ = {isa = PBXFileReference; lastKnownFileType = sourcecode.swift; path = AppDelegate.swift; sourceTree = "<group>"; };
		2E7B8A9B1C93D08600EC070B /* ViewController.swift */ = {isa = PBXFileReference; lastKnownFileType = sourcecode.swift; path = ViewController.swift; sourceTree = "<group>"; };
		2E7B8A9E1C93D08600EC070B /* Base */ = {isa = PBXFileReference; lastKnownFileType = file.storyboard; name = Base; path = Base.lproj/Main.storyboard; sourceTree = "<group>"; };
		2E7B8AA01C93D08600EC070B /* Assets.xcassets */ = {isa = PBXFileReference; lastKnownFileType = folder.assetcatalog; path = Assets.xcassets; sourceTree = "<group>"; };
		2E7B8AA31C93D08600EC070B /* Base */ = {isa = PBXFileReference; lastKnownFileType = file.storyboard; name = Base; path = Base.lproj/LaunchScreen.storyboard; sourceTree = "<group>"; };
		2E7B8AA51C93D08600EC070B /* Info.plist */ = {isa = PBXFileReference; lastKnownFileType = text.plist.xml; path = Info.plist; sourceTree = "<group>"; };
		2E7B8AAA1C93D08600EC070B /* Test ProjectTests.xctest */ = {isa = PBXFileReference; explicitFileType = wrapper.cfbundle; includeInIndex = 0; path = "Test ProjectTests.xctest"; sourceTree = BUILT_PRODUCTS_DIR; };
		2E7B8AAE1C93D08600EC070B /* Test_ProjectTests.swift */ = {isa = PBXFileReference; lastKnownFileType = sourcecode.swift; path = Test_ProjectTests.swift; sourceTree = "<group>"; };
		2E7B8AB01C93D08600EC070B /* Info.plist */ = {isa = PBXFileReference; lastKnownFileType = text.plist.xml; path = Info.plist; sourceTree = "<group>"; };
		2E7B8AB51C93D08600EC070B /* Test ProjectUITests.xctest */ = {isa = PBXFileReference; explicitFileType = wrapper.cfbundle; includeInIndex = 0; path = "Test ProjectUITests.xctest"; sourceTree = BUILT_PRODUCTS_DIR; };
		2E7B8AB91C93D08600EC070B /* Test_ProjectUITests.swift */ = {isa = PBXFileReference; lastKnownFileType = sourcecode.swift; path = Test_ProjectUITests.swift; sourceTree = "<group>"; };
		2E7B8ABB1C93D08600EC070B /* Info.plist */ = {isa = PBXFileReference; lastKnownFileType = text.plist.xml; path = Info.plist; sourceTree = "<group>"; };
/* End PBXFileReference section */

/* Begin PBXFrameworksBuildPhase section */
		2E7B8A931C93D08600EC070B /* Frameworks */ = {
			isa = PBXFrameworksBuildPhase;
			buildActionMask = 2147483647;
			files = (
			);
			runOnlyForDeploymentPostprocessing = 0;
		};
		2E7B8AA71C93D08600EC070B /* Frameworks */ = {
			isa = PBXFrameworksBuildPhase;
			buildActionMask = 2147483647;
			files = (
			);
			runOnlyForDeploymentPostprocessing = 0;
		};
		2E7B8AB21C93D08600EC070B /* Frameworks */ = {
			isa = PBXFrameworksBuildPhase;
			buildActionMask = 2147483647;
			files = (
			);
			runOnlyForDeploymentPostprocessing = 0;
		};
/* End PBXFrameworksBuildPhase section */

/* Begin PBXGroup section */
		2E7B8A8D1C93D08500EC070B = {
			isa = PBXGroup;
			children = (
				2E7B8A981C93D08600EC070B /* Test Project */,
				2E7B8AAD1C93D08600EC070B /* Test ProjectTests */,
				2E7B8AB81C93D08600EC070B /* Test ProjectUITests */,
				2E7B8A971C93D08600EC070B /* Products */,
			);
			sourceTree = "<group>";
		};
		2E7B8A971C93D08600EC070B /* Products */ = {
			isa = PBXGroup;
			children = (
				2E7B8A961C93D08600EC070B /* Test Project.app */,
				2E7B8AAA1C93D08600EC070B /* Test ProjectTests.xctest */,
				2E7B8AB51C93D08600EC070B /* Test ProjectUITests.xctest */,
			);
			name = Products;
			sourceTree = "<group>";
		};
		2E7B8A981C93D08600EC070B /* Test Project */ = {
			isa = PBXGroup;
			children = (
				2E7B8A991C93D08600EC070B /* AppDelegate.swift */,
				2E7B8A9B1C93D08600EC070B /* ViewController.swift */,
				2E7B8A9D1C93D08600EC070B /* Main.storyboard */,
				2E7B8AA01C93D08600EC070B /* Assets.xcassets */,
				2E7B8AA21C93D08600EC070B /* LaunchScreen.storyboard */,
				2E7B8AA51C93D08600EC070B /* Info.plist */,
			);
			path = "Test Project";
			sourceTree = "<group>";
		};
		2E7B8AAD1C93D08600EC070B /* Test ProjectTests */ = {
			isa = PBXGroup;
			children = (
				2E7B8AAE1C93D08600EC070B /* Test_ProjectTests.swift */,
				2E7B8AB01C93D08600EC070B /* Info.plist */,
			);
			path = "Test ProjectTests";
			sourceTree = "<group>";
		};
		2E7B8AB81C93D08600EC070B /* Test ProjectUITests */ = {
			isa = PBXGroup;
			children = (
				2E7B8AB91C93D08600EC070B /* Test_ProjectUITests.swift */,
				2E7B8ABB1C93D08600EC070B /* Info.plist */,
			);
			path = "Test ProjectUITests";
			sourceTree = "<group>";
		};
/* End PBXGroup section */

/* Begin PBXNativeTarget section */
		2E7B8A951C93D08600EC070B /* Test Project */ = {
			isa = PBXNativeTarget;
			buildConfigurationList = 2E7B8ABE1C93D08600EC070B /* Build configuration list for PBXNativeTarget "Test Project" */;
			buildPhases = (
				2E7B8A921C93D08600EC070B /* Sources */,
				2E7B8A931C93D08600EC070B /* Frameworks */,
				2E7B8A941C93D08600EC070B /* Resources */,
			);
			buildRules = (
			);
			dependencies = (
			);
			name = "Test Project";
			productName = "Test Project";
			productReference = 2E7B8A961C93D08600EC070B /* Test Project.app */;
			productType = "com.apple.product-type.application";
		};
		2E7B8AA91C93D08600EC070B /* Test ProjectTests */ = {
			isa = PBXNativeTarget;
			buildConfigurationList = 2E7B8AC11C93D08600EC070B /* Build configuration list for PBXNativeTarget "Test ProjectTests" */;
			buildPhases = (
				2E7B8AA61C93D08600EC070B /* Sources */,
				2E7B8AA71C93D08600EC070B /* Frameworks */,
				2E7B8AA81C93D08600EC070B /* Resources */,
			);
			buildRules = (
			);
			dependencies = (
				2E7B8AAC1C93D08600EC070B /* PBXTargetDependency */,
			);
			name = "Test ProjectTests";
			productName = "Test ProjectTests";
			productReference = 2E7B8AAA1C93D08600EC070B /* Test ProjectTests.xctest */;
			productType = "com.apple.product-type.bundle.unit-test";
		};
		2E7B8AB41C93D08600EC070B /* Test ProjectUITests */ = {
			isa = PBXNativeTarget;
			buildConfigurationList = 2E7B8AC41C93D08600EC070B /* Build configuration list for PBXNativeTarget "Test ProjectUITests" */;
			buildPhases = (
				2E7B8AB11C93D08600EC070B /* Sources */,
				2E7B8AB21C93D08600EC070B /* Frameworks */,
				2E7B8AB31C93D08600EC070B /* Resources */,
			);
			buildRules = (
			);
			dependencies = (
				2E7B8AB71C93D08600EC070B /* PBXTargetDependency */,
			);
			name = "Test ProjectUITests";
			productName = "Test ProjectUITests";
			productReference = 2E7B8AB51C93D08600EC070B /* Test ProjectUITests.xctest */;
			productType = "com.apple.product-type.bundle.ui-testing";
		};
/* End PBXNativeTarget section */

/* Begin PBXProject section */
		2E7B8A8E1C93D08500EC070B /* Project object */ = {
			isa = PBXProject;
			attributes = {
				LastSwiftUpdateCheck = 0720;
				LastUpgradeCheck = 0720;
				ORGANIZATIONNAME = Andey;
				TargetAttributes = {
					2E7B8A951C93D08600EC070B = {
						CreatedOnToolsVersion = 7.2.1;
					};
					2E7B8AA91C93D08600EC070B = {
						CreatedOnToolsVersion = 7.2.1;
						TestTargetID = 2E7B8A951C93D08600EC070B;
					};
					2E7B8AB41C93D08600EC070B = {
						CreatedOnToolsVersion = 7.2.1;
						TestTargetID = 2E7B8A951C93D08600EC070B;
					};
				};
			};
			buildConfigurationList = 2E7B8A911C93D08500EC070B /* Build configuration list for PBXProject "Test Project" */;
			compatibilityVersion = "Xcode 3.2";
			developmentRegion = English;
			hasScannedForEncodings = 0;
			knownRegions = (
				en,
				Base,
			);
			mainGroup = 2E7B8A8D1C93D08500EC070B;
			productRefGroup = 2E7B8A971C93D08600EC070B /* Products */;
			projectDirPath = "";
			projectRoot = "";
			targets = (
				2E7B8A951C93D08600EC070B /* Test Project */,
				2E7B8AA91C93D08600EC070B /* Test ProjectTests */,
				2E7B8AB41C93D08600EC070B /* Test ProjectUITests */,
			);
		};
/* End PBXProject section */

/* Begin PBXResourcesBuildPhase section */
		2E7B8A941C93D08600EC070B /* Resources */ = {
			isa = PBXResourcesBuildPhase;
			buildActionMask = 2147483647;
			files = (
				2E7B8AA41C93D08600EC070B /* LaunchScreen.storyboard in Resources */,
				2E7B8AA11C93D08600EC070B /* Assets.xcassets in Resources */,
				2E7B8A9F1C93D08600EC070B /* Main.storyboard in Resources */,
			);
			runOnlyForDeploymentPostprocessing = 0;
		};
		2E7B8AA81C93D08600EC070B /* Resources */ = {
			isa = PBXResourcesBuildPhase;
			buildActionMask = 2147483647;
			files = (
			);
			runOnlyForDeploymentPostprocessing = 0;
		};
		2E7B8AB31C93D08600EC070B /* Resources */ = {
			isa = PBXResourcesBuildPhase;
			buildActionMask = 2147483647;
			files = (
			);
			runOnlyForDeploymentPostprocessing = 0;
		};
/* End PBXResourcesBuildPhase section */

/* Begin PBXSourcesBuildPhase section */
		2E7B8A921C93D08600EC070B /* Sources */ = {
			isa = PBXSourcesBuildPhase;
			buildActionMask = 2147483647;
			files = (
				2E7B8A9C1C93D08600EC070B /* ViewController.swift in Sources */,
				2E7B8A9A1C93D08600EC070B /* AppDelegate.swift in Sources */,
			);
			runOnlyForDeploymentPostprocessing = 0;
		};
		2E7B8AA61C93D08600EC070B /* Sources */ = {
			isa = PBXSourcesBuildPhase;
			buildActionMask = 2147483647;
			files = (
				2E7B8AAF1C93D08600EC070B /* Test_ProjectTests.swift in Sources */,
			);
			runOnlyForDeploymentPostprocessing = 0;
		};
		2E7B8AB11C93D08600EC070B /* Sources */ = {
			isa = PBXSourcesBuildPhase;
			buildActionMask = 2147483647;
			files = (
				2E7B8ABA1C93D08600EC070B /* Test_ProjectUITests.swift in Sources */,
			);
			runOnlyForDeploymentPostprocessing = 0;
		};
/* End PBXSourcesBuildPhase section */

/* Begin PBXTargetDependency section */
		2E7B8AAC1C93D08600EC070B /* PBXTargetDependency */ = {
			isa = PBXTargetDependency;
			target = 2E7B8A951C93D08600EC070B /* Test Project */;
			targetProxy = 2E7B8AAB1C93D08600EC070B /* PBXContainerItemProxy */;
		};
		2E7B8AB71C93D08600EC070B /* PBXTargetDependency */ = {
			isa = PBXTargetDependency;
			target = 2E7B8A951C93D08600EC070B /* Test Project */;
			targetProxy = 2E7B8AB61C93D08600EC070B /* PBXContainerItemProxy */;
		};
/* End PBXTargetDependency section */

/* Begin PBXVariantGroup section */
		2E7B8A9D1C93D08600EC070B /* Main.storyboard */ = {
			isa = PBXVariantGroup;
			children = (
				2E7B8A9E1C93D08600EC070B /* Base */,
			);
			name = Main.storyboard;
			sourceTree = "<group>";
		};
		2E7B8AA21C93D08600EC070B /* LaunchScreen.storyboard */ = {
			isa = PBXVariantGroup;
			children = (
				2E7B8AA31C93D08600EC070B /* Base */,
			);
			name = LaunchScreen.storyboard;
			sourceTree = "<group>";
		};
/* End PBXVariantGroup section */

/* Begin XCBuildConfiguration section */
		2E7B8ABC1C93D08600EC070B /* Debug */ = {
			isa = XCBuildConfiguration;
			buildSettings = {
				ALWAYS_SEARCH_USER_PATHS = NO;
				CLANG_CXX_LANGUAGE_STANDARD = "gnu++0x";
				CLANG_CXX_LIBRARY = "libc++";
				CLANG_ENABLE_MODULES = YES;
				CLANG_ENABLE_OBJC_ARC = YES;
				CLANG_WARN_BOOL_CONVERSION = YES;
				CLANG_WARN_CONSTANT_CONVERSION = YES;
				CLANG_WARN_DIRECT_OBJC_ISA_USAGE = YES_ERROR;
				CLANG_WARN_EMPTY_BODY = YES;
				CLANG_WARN_ENUM_CONVERSION = YES;
				CLANG_WARN_INT_CONVERSION = YES;
				CLANG_WARN_OBJC_ROOT_CLASS = YES_ERROR;
				CLANG_WARN_UNREACHABLE_CODE = YES;
				CLANG_WARN__DUPLICATE_METHOD_MATCH = YES;
				"CODE_SIGN_IDENTITY[sdk=iphoneos*]" = "iPhone Developer";
				COPY_PHASE_STRIP = NO;
				DEBUG_INFORMATION_FORMAT = dwarf;
				ENABLE_STRICT_OBJC_MSGSEND = YES;
				ENABLE_TESTABILITY = YES;
				GCC_C_LANGUAGE_STANDARD = gnu99;
				GCC_DYNAMIC_NO_PIC = NO;
				GCC_NO_COMMON_BLOCKS = YES;
				GCC_OPTIMIZATION_LEVEL = 0;
				GCC_PREPROCESSOR_DEFINITIONS = (
					"DEBUG=1",
					"$(inherited)",
				);
				GCC_WARN_64_TO_32_BIT_CONVERSION = YES;
				GCC_WARN_ABOUT_RETURN_TYPE = YES_ERROR;
				GCC_WARN_UNDECLARED_SELECTOR = YES;
				GCC_WARN_UNINITIALIZED_AUTOS = YES_AGGRESSIVE;
				GCC_WARN_UNUSED_FUNCTION = YES;
				GCC_WARN_UNUSED_VARIABLE = YES;
				IPHONEOS_DEPLOYMENT_TARGET = 9.2;
				MTL_ENABLE_DEBUG_INFO = YES;
				ONLY_ACTIVE_ARCH = YES;
				SDKROOT = iphoneos;
				SWIFT_OPTIMIZATION_LEVEL = "-Onone";
				TARGETED_DEVICE_FAMILY = "1,2";
			};
			name = Debug;
		};
		2E7B8ABD1C93D08600EC070B /* Release */ = {
			isa = XCBuildConfiguration;
			buildSettings = {
				ALWAYS_SEARCH_USER_PATHS = NO;
				CLANG_CXX_LANGUAGE_STANDARD = "gnu++0x";
				CLANG_CXX_LIBRARY = "libc++";
				CLANG_ENABLE_MODULES = YES;
				CLANG_ENABLE_OBJC_ARC = YES;
				CLANG_WARN_BOOL_CONVERSION = YES;
				CLANG_WARN_CONSTANT_CONVERSION = YES;
				CLANG_WARN_DIRECT_OBJC_ISA_USAGE = YES_ERROR;
				CLANG_WARN_EMPTY_BODY = YES;
				CLANG_WARN_ENUM_CONVERSION = YES;
				CLANG_WARN_INT_CONVERSION = YES;
				CLANG_WARN_OBJC_ROOT_CLASS = YES_ERROR;
				CLANG_WARN_UNREACHABLE_CODE = YES;
				CLANG_WARN__DUPLICATE_METHOD_MATCH = YES;
				"CODE_SIGN_IDENTITY[sdk=iphoneos*]" = "iPhone Developer";
				COPY_PHASE_STRIP = NO;
				DEBUG_INFORMATION_FORMAT = "dwarf-with-dsym";
				ENABLE_NS_ASSERTIONS = NO;
				ENABLE_STRICT_OBJC_MSGSEND = YES;
				GCC_C_LANGUAGE_STANDARD = gnu99;
				GCC_NO_COMMON_BLOCKS = YES;
				GCC_WARN_64_TO_32_BIT_CONVERSION = YES;
				GCC_WARN_ABOUT_RETURN_TYPE = YES_ERROR;
				GCC_WARN_UNDECLARED_SELECTOR = YES;
				GCC_WARN_UNINITIALIZED_AUTOS = YES_AGGRESSIVE;
				GCC_WARN_UNUSED_FUNCTION = YES;
				GCC_WARN_UNUSED_VARIABLE = YES;
				IPHONEOS_DEPLOYMENT_TARGET = 9.2;
				MTL_ENABLE_DEBUG_INFO = NO;
				SDKROOT = iphoneos;
				TARGETED_DEVICE_FAMILY = "1,2";
				VALIDATE_PRODUCT = YES;
			};
			name = Release;
		};
		2E7B8ABF1C93D08600EC070B /* Debug */ = {
			isa = XCBuildConfiguration;
			buildSettings = {
				ASSETCATALOG_COMPILER_APPICON_NAME = AppIcon;
				INFOPLIST_FILE = "Test Project/Info.plist";
				LD_RUNPATH_SEARCH_PATHS = "$(inherited) @executable_path/Frameworks";
				PRODUCT_BUNDLE_IDENTIFIER = "com.andey.Test-Project";
				PRODUCT_NAME = "$(TARGET_NAME)";
			};
			name = Debug;
		};
		2E7B8AC01C93D08600EC070B /* Release */ = {
			isa = XCBuildConfiguration;
			buildSettings = {
				ASSETCATALOG_COMPILER_APPICON_NAME = AppIcon;
				INFOPLIST_FILE = "Test Project/Info.plist";
				LD_RUNPATH_SEARCH_PATHS = "$(inherited) @executable_path/Frameworks";
				PRODUCT_BUNDLE_IDENTIFIER = "com.andey.Test-Project";
				PRODUCT_NAME = "$(TARGET_NAME)";
			};
			name = Release;
		};
		2E7B8AC21C93D08600EC070B /* Debug */ = {
			isa = XCBuildConfiguration;
			buildSettings = {
				BUNDLE_LOADER = "$(TEST_HOST)";
				INFOPLIST_FILE = "Test ProjectTests/Info.plist";
				LD_RUNPATH_SEARCH_PATHS = "$(inherited) @executable_path/Frameworks @loader_path/Frameworks";
				PRODUCT_BUNDLE_IDENTIFIER = "com.andey.Test-ProjectTests";
				PRODUCT_NAME = "$(TARGET_NAME)";
				TEST_HOST = "$(BUILT_PRODUCTS_DIR)/Test Project.app/Test Project";
			};
			name = Debug;
		};
		2E7B8AC31C93D08600EC070B /* Release */ = {
			isa = XCBuildConfiguration;
			buildSettings = {
				BUNDLE_LOADER = "$(TEST_HOST)";
				INFOPLIST_FILE = "Test ProjectTests/Info.plist";
				LD_RUNPATH_SEARCH_PATHS = "$(inherited) @executable_path/Frameworks @loader_path/Frameworks";
				PRODUCT_BUNDLE_IDENTIFIER = "com.andey.Test-ProjectTests";
				PRODUCT_NAME = "$(TARGET_NAME)";
				TEST_HOST = "$(BUILT_PRODUCTS_DIR)/Test Project.app/Test Project";
			};
			name = Release;
		};
		2E7B8AC51C93D08600EC070B /* Debug */ = {
			isa = XCBuildConfiguration;
			buildSettings = {
				INFOPLIST_FILE = "Test ProjectUITests/Info.plist";
				LD_RUNPATH_SEARCH_PATHS = "$(inherited) @executable_path/Frameworks @loader_path/Frameworks";
				PRODUCT_BUNDLE_IDENTIFIER = "com.andey.Test-ProjectUITests";
				PRODUCT_NAME = "$(TARGET_NAME)";
				TEST_TARGET_NAME = "Test Project";
				USES_XCTRUNNER = YES;
			};
			name = Debug;
		};
		2E7B8AC61C93D08600EC070B /* Release */ = {
			isa = XCBuildConfiguration;
			buildSettings = {
				INFOPLIST_FILE = "Test ProjectUITests/Info.plist";
				LD_RUNPATH_SEARCH_PATHS = "$(inherited) @executable_path/Frameworks @loader_path/Frameworks";
				PRODUCT_BUNDLE_IDENTIFIER = "com.andey.Test-ProjectUITests";
				PRODUCT_NAME = "$(TARGET_NAME)";
				TEST_TARGET_NAME = "Test Project";
				USES_XCTRUNNER = YES;
			};
			name = Release;
		};
/* End XCBuildConfiguration section */

/* Begin XCConfigurationList section */
		2E7B8A911C93D08500EC070B /* Build configuration list for PBXProject "Test Project" */ = {
			isa = XCConfigurationList;
			buildConfigurations = (
				2E7B8ABC1C93D08600EC070B /* Debug */,
				2E7B8ABD1C93D08600EC070B /* Release */,
			);
			defaultConfigurationIsVisible = 0;
			defaultConfigurationName = Release;
		};
		2E7B8ABE1C93D08600EC070B /* Build configuration list for PBXNativeTarget "Test Project" */ = {
			isa = XCConfigurationList;
			buildConfigurations = (
				2E7B8ABF1C93D08600EC070B /* Debug */,
				2E7B8AC01C93D08600EC070B /* Release */,
			);
			defaultConfigurationIsVisible = 0;
		};
		2E7B8AC11C93D08600EC070B /* Build configuration list for PBXNativeTarget "Test ProjectTests" */ = {
			isa = XCConfigurationList;
			buildConfigurations = (
				2E7B8AC21C93D08600EC070B /* Debug */,
				2E7B8AC31C93D08600EC070B /* Release */,
			);
			defaultConfigurationIsVisible = 0;
		};
		2E7B8AC41C93D08600EC070B /* Build configuration list for PBXNativeTarget "Test ProjectUITests" */ = {
			isa = XCConfigurationList;
			buildConfigurations = (
				2E7B8AC51C93D08600EC070B /* Debug */,
				2E7B8AC61C93D08600EC070B /* Release */,
			);
			defaultConfigurationIsVisible = 0;
		};
/* End XCConfigurationList section */
	};
	rootObject = 2E7B8A8E1C93D08500EC070B /* Project object */;
}
